{
    "version": 3,
    "terraform_version": "0.8.2",
    "serial": 25,
    "lineage": "c00cf4c1-c973-4706-a76d-8c15b854f1b0",
    "modules": [
        {
            "path": [
                "root"
            ],
            "outputs": {},
            "resources": {
                "aws_alb.alb_tuter": {
                    "type": "aws_alb",
                    "depends_on": [
                        "aws_security_group.vpc_tuter_security_group",
                        "aws_subnet.vpc_tuter_subnet",
                        "aws_subnet.vpc_tuter_subnet_another"
                    ],
                    "primary": {
                        "id": "arn:aws:elasticloadbalancing:us-west-2:202951084546:loadbalancer/app/tf-lb-008ae5600712ee3eb7726b272c/c23743d3a4823e58",
                        "attributes": {
                            "access_logs.#": "0",
                            "arn": "arn:aws:elasticloadbalancing:us-west-2:202951084546:loadbalancer/app/tf-lb-008ae5600712ee3eb7726b272c/c23743d3a4823e58",
                            "arn_suffix": "app/tf-lb-008ae5600712ee3eb7726b272c/c23743d3a4823e58",
                            "dns_name": "tf-lb-008ae5600712ee3eb7726b272c-317418195.us-west-2.elb.amazonaws.com",
                            "enable_deletion_protection": "false",
                            "id": "arn:aws:elasticloadbalancing:us-west-2:202951084546:loadbalancer/app/tf-lb-008ae5600712ee3eb7726b272c/c23743d3a4823e58",
                            "idle_timeout": "60",
                            "internal": "false",
                            "name": "tf-lb-008ae5600712ee3eb7726b272c",
                            "security_groups.#": "1",
                            "security_groups.914245798": "sg-322eb449",
                            "subnets.#": "2",
                            "subnets.1952763149": "subnet-16976e4d",
                            "subnets.3716341941": "subnet-adabc5e4",
                            "tags.%": "0",
                            "vpc_id": "vpc-01e4df66",
                            "zone_id": "Z1H1FL5HABSF5"
                        },
                        "meta": {},
                        "tainted": false
                    },
                    "deposed": [],
                    "provider": ""
                },
                "aws_alb_listener.alb_tuter_listner": {
                    "type": "aws_alb_listener",
                    "depends_on": [
                        "aws_alb.alb_tuter",
                        "aws_alb_target_group.alb_tuter_group"
                    ],
                    "primary": {
                        "id": "arn:aws:elasticloadbalancing:us-west-2:202951084546:listener/app/tf-lb-008ae5600712ee3eb7726b272c/c23743d3a4823e58/87869608fae7a86e",
                        "attributes": {
                            "arn": "arn:aws:elasticloadbalancing:us-west-2:202951084546:listener/app/tf-lb-008ae5600712ee3eb7726b272c/c23743d3a4823e58/87869608fae7a86e",
                            "default_action.#": "1",
                            "default_action.0.target_group_arn": "arn:aws:elasticloadbalancing:us-west-2:202951084546:targetgroup/default/004aaa2415b334a2",
                            "default_action.0.type": "forward",
                            "id": "arn:aws:elasticloadbalancing:us-west-2:202951084546:listener/app/tf-lb-008ae5600712ee3eb7726b272c/c23743d3a4823e58/87869608fae7a86e",
                            "load_balancer_arn": "arn:aws:elasticloadbalancing:us-west-2:202951084546:loadbalancer/app/tf-lb-008ae5600712ee3eb7726b272c/c23743d3a4823e58",
                            "port": "80",
                            "protocol": "HTTP",
                            "ssl_policy": ""
                        },
                        "meta": {},
                        "tainted": false
                    },
                    "deposed": [],
                    "provider": ""
                },
                "aws_alb_target_group.alb_tuter_group": {
                    "type": "aws_alb_target_group",
                    "depends_on": [
                        "aws_vpc.vpc_tuter"
                    ],
                    "primary": {
                        "id": "arn:aws:elasticloadbalancing:us-west-2:202951084546:targetgroup/default/004aaa2415b334a2",
                        "attributes": {
                            "arn": "arn:aws:elasticloadbalancing:us-west-2:202951084546:targetgroup/default/004aaa2415b334a2",
                            "arn_suffix": "targetgroup/default/004aaa2415b334a2",
                            "deregistration_delay": "300",
                            "health_check.#": "1",
                            "health_check.0.healthy_threshold": "5",
                            "health_check.0.interval": "30",
                            "health_check.0.matcher": "200",
                            "health_check.0.path": "/",
                            "health_check.0.port": "traffic-port",
                            "health_check.0.protocol": "HTTP",
                            "health_check.0.timeout": "5",
                            "health_check.0.unhealthy_threshold": "2",
                            "id": "arn:aws:elasticloadbalancing:us-west-2:202951084546:targetgroup/default/004aaa2415b334a2",
                            "name": "default",
                            "port": "80",
                            "protocol": "HTTP",
                            "vpc_id": "vpc-01e4df66"
                        },
                        "meta": {},
                        "tainted": false
                    },
                    "deposed": [],
                    "provider": ""
                },
                "aws_alb_target_group_attachment.alb_tuter_attachment": {
                    "type": "aws_alb_target_group_attachment",
                    "depends_on": [
                        "aws_alb_target_group.alb_tuter_group",
                        "aws_instance.ec2_tuter"
                    ],
                    "primary": {
                        "id": "arn:aws:elasticloadbalancing:us-west-2:202951084546:targetgroup/default/004aaa2415b334a2-001ef2f2db6218aa74f925dd6e",
                        "attributes": {
                            "id": "arn:aws:elasticloadbalancing:us-west-2:202951084546:targetgroup/default/004aaa2415b334a2-001ef2f2db6218aa74f925dd6e",
                            "port": "80",
                            "target_group_arn": "arn:aws:elasticloadbalancing:us-west-2:202951084546:targetgroup/default/004aaa2415b334a2",
                            "target_id": "i-09e375ac201f03f79"
                        },
                        "meta": {},
                        "tainted": false
                    },
                    "deposed": [],
                    "provider": ""
                },
                "aws_alb_target_group_attachment.alb_tuter_attachment_another": {
                    "type": "aws_alb_target_group_attachment",
                    "depends_on": [
                        "aws_alb_target_group.alb_tuter_group",
                        "aws_instance.ec2_tuter_another"
                    ],
                    "primary": {
                        "id": "arn:aws:elasticloadbalancing:us-west-2:202951084546:targetgroup/default/004aaa2415b334a2-008ae5600712ee3eb7726b272d",
                        "attributes": {
                            "id": "arn:aws:elasticloadbalancing:us-west-2:202951084546:targetgroup/default/004aaa2415b334a2-008ae5600712ee3eb7726b272d",
                            "port": "80",
                            "target_group_arn": "arn:aws:elasticloadbalancing:us-west-2:202951084546:targetgroup/default/004aaa2415b334a2",
                            "target_id": "i-04c54fdcecc943d03"
                        },
                        "meta": {},
                        "tainted": false
                    },
                    "deposed": [],
                    "provider": ""
                },
                "aws_instance.ec2_tuter": {
                    "type": "aws_instance",
                    "depends_on": [
                        "aws_key_pair.ec2_tuter_key",
                        "aws_security_group.vpc_tuter_security_group",
                        "aws_subnet.vpc_tuter_subnet"
                    ],
                    "primary": {
                        "id": "i-09e375ac201f03f79",
                        "attributes": {
                            "ami": "ami-4836a428",
                            "associate_public_ip_address": "true",
                            "availability_zone": "us-west-2b",
                            "disable_api_termination": "false",
                            "ebs_block_device.#": "0",
                            "ebs_optimized": "false",
                            "ephemeral_block_device.#": "0",
                            "iam_instance_profile": "",
                            "id": "i-09e375ac201f03f79",
                            "instance_state": "running",
                            "instance_type": "t2.micro",
                            "key_name": "ec2_tuter",
                            "monitoring": "false",
                            "network_interface_id": "eni-5371c46e",
                            "private_dns": "ip-10-0-0-145.us-west-2.compute.internal",
                            "private_ip": "10.0.0.145",
                            "public_dns": "",
                            "public_ip": "54.245.76.18",
                            "root_block_device.#": "1",
                            "root_block_device.0.delete_on_termination": "true",
                            "root_block_device.0.iops": "100",
                            "root_block_device.0.volume_size": "8",
                            "root_block_device.0.volume_type": "gp2",
                            "security_groups.#": "0",
                            "source_dest_check": "true",
                            "subnet_id": "subnet-adabc5e4",
                            "tags.%": "0",
                            "tenancy": "default",
                            "vpc_security_group_ids.#": "1",
                            "vpc_security_group_ids.914245798": "sg-322eb449"
                        },
                        "meta": {
                            "schema_version": "1"
                        },
                        "tainted": false
                    },
                    "deposed": [],
                    "provider": ""
                },
                "aws_instance.ec2_tuter_another": {
                    "type": "aws_instance",
                    "depends_on": [
                        "aws_key_pair.ec2_tuter_key",
                        "aws_security_group.vpc_tuter_security_group",
                        "aws_subnet.vpc_tuter_subnet_another"
                    ],
                    "primary": {
                        "id": "i-04c54fdcecc943d03",
                        "attributes": {
                            "ami": "ami-4836a428",
                            "associate_public_ip_address": "true",
                            "availability_zone": "us-west-2c",
                            "disable_api_termination": "false",
                            "ebs_block_device.#": "0",
                            "ebs_optimized": "false",
                            "ephemeral_block_device.#": "0",
                            "iam_instance_profile": "",
                            "id": "i-04c54fdcecc943d03",
                            "instance_state": "running",
                            "instance_type": "t2.micro",
                            "key_name": "ec2_tuter",
                            "monitoring": "false",
                            "network_interface_id": "eni-23c7242c",
                            "private_dns": "ip-10-0-1-178.us-west-2.compute.internal",
                            "private_ip": "10.0.1.178",
                            "public_dns": "",
                            "public_ip": "54.245.142.135",
                            "root_block_device.#": "1",
                            "root_block_device.0.delete_on_termination": "true",
                            "root_block_device.0.iops": "100",
                            "root_block_device.0.volume_size": "8",
                            "root_block_device.0.volume_type": "gp2",
                            "security_groups.#": "0",
                            "source_dest_check": "true",
                            "subnet_id": "subnet-16976e4d",
                            "tags.%": "0",
                            "tenancy": "default",
                            "vpc_security_group_ids.#": "1",
                            "vpc_security_group_ids.914245798": "sg-322eb449"
                        },
                        "meta": {
                            "schema_version": "1"
                        },
                        "tainted": false
                    },
                    "deposed": [],
                    "provider": ""
                },
                "aws_internet_gateway.vpc_tuter_gateway": {
                    "type": "aws_internet_gateway",
                    "depends_on": [
                        "aws_vpc.vpc_tuter"
                    ],
                    "primary": {
                        "id": "igw-8019e6e7",
                        "attributes": {
                            "id": "igw-8019e6e7",
                            "tags.%": "0",
                            "vpc_id": "vpc-01e4df66"
                        },
                        "meta": {},
                        "tainted": false
                    },
                    "deposed": [],
                    "provider": ""
                },
                "aws_key_pair.ec2_tuter_key": {
                    "type": "aws_key_pair",
                    "depends_on": [],
                    "primary": {
                        "id": "ec2_tuter",
                        "attributes": {
                            "fingerprint": "ff:97:59:93:e8:c0:f2:e4:b6:22:14:01:54:cf:45:96",
                            "id": "ec2_tuter",
                            "key_name": "ec2_tuter",
                            "public_key": "ssh-rsa AAAAB3NzaC1yc2EAAAADAQABAAABAQDwv5lj/UsNhHzEmjCjdAvmogX++dXfHab54+12UGeksq3HfAbVxIUej19PKDzFWPirs5je+hk09ufgETSXHwta7aX/qKRDHCicgts0ojO5j60hepe7Aud4K/2h39Iv02W4sigzPNzwdlve63twv1ifPh5VbzwuqisxV9wBqNy80i2BWitW4QUpYijpkJ9rB79wLU3XZ9uTmelLyUHcT+KZUwN6s98JWWSfD6EIJSarONt2GQCVMbaInR/MwZcCcSQ7oBR6EwGA6oZvOHW9bVPidamzTDLXFGqaHx7TYosYHUOmNrUNbBSuDg5gOOZiDg3KIzSB54i8pOH87J2TLS9X riku.onuma@livesense.co.jp"
                        },
                        "meta": {
                            "schema_version": "1"
                        },
                        "tainted": false
                    },
                    "deposed": [],
                    "provider": ""
                },
                "aws_main_route_table_association.vpc_tuter_association": {
                    "type": "aws_main_route_table_association",
                    "depends_on": [
                        "aws_route_table.vpc_tuter_route_table",
                        "aws_vpc.vpc_tuter"
                    ],
                    "primary": {
                        "id": "rtbassoc-00f45c79",
                        "attributes": {
                            "id": "rtbassoc-00f45c79",
                            "original_route_table_id": "rtb-6fe05709",
                            "route_table_id": "rtb-18e3547e",
                            "vpc_id": "vpc-01e4df66"
                        },
                        "meta": {},
                        "tainted": false
                    },
                    "deposed": [],
                    "provider": ""
                },
                "aws_route_table.vpc_tuter_route_table": {
                    "type": "aws_route_table",
                    "depends_on": [
                        "aws_internet_gateway.vpc_tuter_gateway",
                        "aws_vpc.vpc_tuter"
                    ],
                    "primary": {
                        "id": "rtb-18e3547e",
                        "attributes": {
                            "id": "rtb-18e3547e",
                            "propagating_vgws.#": "0",
                            "route.#": "1",
                            "route.2792592607.cidr_block": "0.0.0.0/0",
                            "route.2792592607.gateway_id": "igw-8019e6e7",
                            "route.2792592607.instance_id": "",
                            "route.2792592607.nat_gateway_id": "",
                            "route.2792592607.network_interface_id": "",
                            "route.2792592607.vpc_peering_connection_id": "",
                            "tags.%": "0",
                            "vpc_id": "vpc-01e4df66"
                        },
                        "meta": {},
                        "tainted": false
                    },
                    "deposed": [],
                    "provider": ""
                },
                "aws_security_group.vpc_tuter_security_group": {
                    "type": "aws_security_group",
                    "depends_on": [
                        "aws_vpc.vpc_tuter"
                    ],
                    "primary": {
                        "id": "sg-322eb449",
                        "attributes": {
                            "description": "Allow http,ssh access",
                            "egress.#": "1",
                            "egress.482069346.cidr_blocks.#": "1",
                            "egress.482069346.cidr_blocks.0": "0.0.0.0/0",
                            "egress.482069346.from_port": "0",
                            "egress.482069346.prefix_list_ids.#": "0",
                            "egress.482069346.protocol": "-1",
                            "egress.482069346.security_groups.#": "0",
                            "egress.482069346.self": "false",
                            "egress.482069346.to_port": "0",
                            "id": "sg-322eb449",
                            "ingress.#": "2",
                            "ingress.2214680975.cidr_blocks.#": "1",
                            "ingress.2214680975.cidr_blocks.0": "0.0.0.0/0",
                            "ingress.2214680975.from_port": "80",
                            "ingress.2214680975.protocol": "tcp",
                            "ingress.2214680975.security_groups.#": "0",
                            "ingress.2214680975.self": "false",
                            "ingress.2214680975.to_port": "80",
                            "ingress.2541437006.cidr_blocks.#": "1",
                            "ingress.2541437006.cidr_blocks.0": "0.0.0.0/0",
                            "ingress.2541437006.from_port": "22",
                            "ingress.2541437006.protocol": "tcp",
                            "ingress.2541437006.security_groups.#": "0",
                            "ingress.2541437006.self": "false",
                            "ingress.2541437006.to_port": "22",
                            "name": "Allow http,ssh",
                            "owner_id": "202951084546",
                            "tags.%": "0",
                            "vpc_id": "vpc-01e4df66"
                        },
                        "meta": {},
                        "tainted": false
                    },
                    "deposed": [],
                    "provider": ""
                },
                "aws_subnet.vpc_tuter_subnet": {
                    "type": "aws_subnet",
                    "depends_on": [
                        "aws_vpc.vpc_tuter"
                    ],
                    "primary": {
                        "id": "subnet-adabc5e4",
                        "attributes": {
                            "availability_zone": "us-west-2b",
                            "cidr_block": "10.0.0.0/24",
                            "id": "subnet-adabc5e4",
                            "map_public_ip_on_launch": "false",
                            "tags.%": "0",
                            "vpc_id": "vpc-01e4df66"
                        },
                        "meta": {},
                        "tainted": false
                    },
                    "deposed": [],
                    "provider": ""
                },
                "aws_subnet.vpc_tuter_subnet_another": {
                    "type": "aws_subnet",
                    "depends_on": [
                        "aws_vpc.vpc_tuter"
                    ],
                    "primary": {
                        "id": "subnet-16976e4d",
                        "attributes": {
                            "availability_zone": "us-west-2c",
                            "cidr_block": "10.0.1.0/24",
                            "id": "subnet-16976e4d",
                            "map_public_ip_on_launch": "false",
                            "tags.%": "0",
                            "vpc_id": "vpc-01e4df66"
                        },
                        "meta": {},
                        "tainted": false
                    },
                    "deposed": [],
                    "provider": ""
                },
                "aws_vpc.vpc_tuter": {
                    "type": "aws_vpc",
                    "depends_on": [],
                    "primary": {
                        "id": "vpc-01e4df66",
                        "attributes": {
                            "cidr_block": "10.0.0.0/16",
                            "default_network_acl_id": "acl-7b86781d",
                            "default_route_table_id": "rtb-18e3547e",
                            "default_security_group_id": "sg-8c28b2f7",
                            "dhcp_options_id": "dopt-44bf2b23",
                            "enable_classiclink": "false",
                            "enable_dns_hostnames": "false",
                            "enable_dns_support": "true",
                            "id": "vpc-01e4df66",
                            "instance_tenancy": "default",
                            "main_route_table_id": "rtb-18e3547e",
                            "tags.%": "1",
                            "tags.Name": "tutorial"
                        },
                        "meta": {},
                        "tainted": false
                    },
                    "deposed": [],
                    "provider": ""
                }
            },
            "depends_on": []
        }
    ]
}
